// !$*UTF8*$!
{
	archiveVersion = 1;
	classes = {
	};
	objectVersion = 50;
	objects = {

/* Begin PBXBuildFile section */
		89CBAABB2360C0AC003296E1 /* AppDelegate.swift in Sources */ = {isa = PBXBuildFile; fileRef = 89CBAABA2360C0AC003296E1 /* AppDelegate.swift */; };
		89CBAABD2360C0AC003296E1 /* SceneDelegate.swift in Sources */ = {isa = PBXBuildFile; fileRef = 89CBAABC2360C0AC003296E1 /* SceneDelegate.swift */; };
		89CBAABF2360C0AC003296E1 /* ViewController.swift in Sources */ = {isa = PBXBuildFile; fileRef = 89CBAABE2360C0AC003296E1 /* ViewController.swift */; };
		89CBAAC22360C0AC003296E1 /* Main.storyboard in Resources */ = {isa = PBXBuildFile; fileRef = 89CBAAC02360C0AC003296E1 /* Main.storyboard */; };
		89CBAAC42360C0AD003296E1 /* Assets.xcassets in Resources */ = {isa = PBXBuildFile; fileRef = 89CBAAC32360C0AD003296E1 /* Assets.xcassets */; };
		89CBAAC72360C0AD003296E1 /* LaunchScreen.storyboard in Resources */ = {isa = PBXBuildFile; fileRef = 89CBAAC52360C0AD003296E1 /* LaunchScreen.storyboard */; };
/* End PBXBuildFile section */

/* Begin PBXFileReference section */
		89CBAAB72360C0AC003296E1 /* ModalViews.app */ = {isa = PBXFileReference; explicitFileType = wrapper.application; includeInIndex = 0; path = ModalViews.app; sourceTree = BUILT_PRODUCTS_DIR; };
		89CBAABA2360C0AC003296E1 /* AppDelegate.swift */ = {isa = PBXFileReference; lastKnownFileType = sourcecode.swift; path = AppDelegate.swift; sourceTree = "<group>"; };
		89CBAABC2360C0AC003296E1 /* SceneDelegate.swift */ = {isa = PBXFileReference; lastKnownFileType = sourcecode.swift; path = SceneDelegate.swift; sourceTree = "<group>"; };
		89CBAABE2360C0AC003296E1 /* ViewController.swift */ = {isa = PBXFileReference; lastKnownFileType = sourcecode.swift; path = ViewController.swift; sourceTree = "<group>"; };
		89CBAAC12360C0AC003296E1 /* Base */ = {isa = PBXFileReference; lastKnownFileType = file.storyboard; name = Base; path = Base.lproj/Main.storyboard; sourceTree = "<group>"; };
		89CBAAC32360C0AD003296E1 /* Assets.xcassets */ = {isa = PBXFileReference; lastKnownFileType = folder.assetcatalog; path = Assets.xcassets; sourceTree = "<group>"; };
		89CBAAC62360C0AD003296E1 /* Base */ = {isa = PBXFileReference; lastKnownFileType = file.storyboard; name = Base; path = Base.lproj/LaunchScreen.storyboard; sourceTree = "<group>"; };
		89CBAAC82360C0AD003296E1 /* Info.plist */ = {isa = PBXFileReference; lastKnownFileType = text.plist.xml; path = Info.plist; sourceTree = "<group>"; };
/* End PBXFileReference section */

/* Begin PBXFrameworksBuildPhase section */
		89CBAAB42360C0AC003296E1 /* Frameworks */ = {
			isa = PBXFrameworksBuildPhase;
			buildActionMask = 2147483647;
			files = (
			);
			runOnlyForDeploymentPostprocessing = 0;
		};
/* End PBXFrameworksBuildPhase section */

/* Begin PBXGroup section */
		89CBAAAE2360C0AC003296E1 = {
			isa = PBXGroup;
			children = (
				89CBAAB92360C0AC003296E1 /* ModalViews */,
				89CBAAB82360C0AC003296E1 /* Products */,
			);
			sourceTree = "<group>";
		};
		89CBAAB82360C0AC003296E1 /* Products */ = {
			isa = PBXGroup;
			children = (
				89CBAAB72360C0AC003296E1 /* ModalViews.app */,
			);
			name = Products;
			sourceTree = "<group>";
		};
		89CBAAB92360C0AC003296E1 /* ModalViews */ = {
			isa = PBXGroup;
			children = (
				89CBAABA2360C0AC003296E1 /* AppDelegate.swift */,
				89CBAABC2360C0AC003296E1 /* SceneDelegate.swift */,
				89CBAABE2360C0AC003296E1 /* ViewController.swift */,
				89CBAAC02360C0AC003296E1 /* Main.storyboard */,
				89CBAAC32360C0AD003296E1 /* Assets.xcassets */,
				89CBAAC52360C0AD003296E1 /* LaunchScreen.storyboard */,
				89CBAAC82360C0AD003296E1 /* Info.plist */,
			);
			path = ModalViews;
			sourceTree = "<group>";
		};
/* End PBXGroup section */

/* Begin PBXNativeTarget section */
		89CBAAB62360C0AC003296E1 /* ModalViews */ = {
			isa = PBXNativeTarget;
			buildConfigurationList = 89CBAACB2360C0AD003296E1 /* Build configuration list for PBXNativeTarget "ModalViews" */;
			buildPhases = (
				89CBAAB32360C0AC003296E1 /* Sources */,
				89CBAAB42360C0AC003296E1 /* Frameworks */,
				89CBAAB52360C0AC003296E1 /* Resources */,
			);
			buildRules = (
			);
			dependencies = (
			);
			name = ModalViews;
			productName = ModalViews;
			productReference = 89CBAAB72360C0AC003296E1 /* ModalViews.app */;
			productType = "com.apple.product-type.application";
		};
/* End PBXNativeTarget section */

/* Begin PBXProject section */
		89CBAAAF2360C0AC003296E1 /* Project object */ = {
			isa = PBXProject;
			attributes = {
				LastSwiftUpdateCheck = 1110;
				LastUpgradeCheck = 1110;
				ORGANIZATIONNAME = Bedu;
				TargetAttributes = {
					89CBAAB62360C0AC003296E1 = {
						CreatedOnToolsVersion = 11.1;
					};
				};
			};
			buildConfigurationList = 89CBAAB22360C0AC003296E1 /* Build configuration list for PBXProject "ModalViews" */;
			compatibilityVersion = "Xcode 9.3";
			developmentRegion = en;
			hasScannedForEncodings = 0;
			knownRegions = (
				en,
				Base,
			);
			mainGroup = 89CBAAAE2360C0AC003296E1;
			productRefGroup = 89CBAAB82360C0AC003296E1 /* Products */;
			projectDirPath = "";
			projectRoot = "";
			targets = (
				89CBAAB62360C0AC003296E1 /* ModalViews */,
			);
		};
/* End PBXProject section */

/* Begin PBXResourcesBuildPhase section */
		89CBAAB52360C0AC003296E1 /* Resources */ = {
			isa = PBXResourcesBuildPhase;
			buildActionMask = 2147483647;
			files = (
				89CBAAC72360C0AD003296E1 /* LaunchScreen.storyboard in Resources */,
				89CBAAC42360C0AD003296E1 /* Assets.xcassets in Resources */,
				89CBAAC22360C0AC003296E1 /* Main.storyboard in Resources */,
			);
			runOnlyForDeploymentPostprocessing = 0;
		};
/* End PBXResourcesBuildPhase section */

/* Begin PBXSourcesBuildPhase section */
		89CBAAB32360C0AC003296E1 /* Sources */ = {
			isa = PBXSourcesBuildPhase;
			buildActionMask = 2147483647;
			files = (
				89CBAABF2360C0AC003296E1 /* ViewController.swift in Sources */,
				89CBAABB2360C0AC003296E1 /* AppDelegate.swift in Sources */,
				89CBAABD2360C0AC003296E1 /* SceneDelegate.swift in Sources */,
			);
			runOnlyForDeploymentPostprocessing = 0;
		};
/* End PBXSourcesBuildPhase section */

/* Begin PBXVariantGroup section */
		89CBAAC02360C0AC003296E1 /* Main.storyboard */ = {
			isa = PBXVariantGroup;
			children = (
				89CBAAC12360C0AC003296E1 /* Base */,
			);
			name = Main.storyboard;
			sourceTree = "<group>";
		};
		89CBAAC52360C0AD003296E1 /* LaunchScreen.storyboard */ = {
			isa = PBXVariantGroup;
			children = (
				89CBAAC62360C0AD003296E1 /* Base */,
			);
			name = LaunchScreen.storyboard;
			sourceTree = "<group>";
		};
/* End PBXVariantGroup section */

/* Begin XCBuildConfiguration section */
		89CBAAC92360C0AD003296E1 /* Debug */ = {
			isa = XCBuildConfiguration;
			buildSettings = {
				ALWAYS_SEARCH_USER_PATHS = NO;
				CLANG_ANALYZER_NONNULL = YES;
				CLANG_ANALYZER_NUMBER_OBJECT_CONVERSION = YES_AGGRESSIVE;
				CLANG_CXX_LANGUAGE_STANDARD = "gnu++14";
				CLANG_CXX_LIBRARY = "libc++";
				CLANG_ENABLE_MODULES = YES;
				CLANG_ENABLE_OBJC_ARC = YES;
				CLANG_ENABLE_OBJC_WEAK = YES;
				CLANG_WARN_BLOCK_CAPTURE_AUTORELEASING = YES;
				CLANG_WARN_BOOL_CONVERSION = YES;
				CLANG_WARN_COMMA = YES;
				CLANG_WARN_CONSTANT_CONVERSION = YES;
				CLANG_WARN_DEPRECATED_OBJC_IMPLEMENTATIONS = YES;
				CLANG_WARN_DIRECT_OBJC_ISA_USAGE = YES_ERROR;
				CLANG_WARN_DOCUMENTATION_COMMENTS = YES;
				CLANG_WARN_EMPTY_BODY = YES;
				CLANG_WARN_ENUM_CONVERSION = YES;
				CLANG_WARN_INFINITE_RECURSION = YES;
				CLANG_WARN_INT_CONVERSION = YES;
				CLANG_WARN_NON_LITERAL_NULL_CONVERSION = YES;
				CLANG_WARN_OBJC_IMPLICIT_RETAIN_SELF = YES;
				CLANG_WARN_OBJC_LITERAL_CONVERSION = YES;
				CLANG_WARN_OBJC_ROOT_CLASS = YES_ERROR;
				CLANG_WARN_RANGE_LOOP_ANALYSIS = YES;
				CLANG_WARN_STRICT_PROTOTYPES = YES;
				CLANG_WARN_SUSPICIOUS_MOVE = YES;
				CLANG_WARN_UNGUARDED_AVAILABILITY = YES_AGGRESSIVE;
				CLANG_WARN_UNREACHABLE_CODE = YES;
				CLANG_WARN__DUPLICATE_METHOD_MATCH = YES;
				COPY_PHASE_STRIP = NO;
				DEBUG_INFORMATION_FORMAT = dwarf;
				ENABLE_STRICT_OBJC_MSGSEND = YES;
				ENABLE_TESTABILITY = YES;
				GCC_C_LANGUAGE_STANDARD = gnu11;
				GCC_DYNAMIC_NO_PIC = NO;
				GCC_NO_COMMON_BLOCKS = YES;
				GCC_OPTIMIZATION_LEVEL = 0;
				GCC_PREPROCESSOR_DEFINITIONS = (
					"DEBUG=1",
					"$(inherited)",
				);
				GCC_WARN_64_TO_32_BIT_CONVERSION = YES;
				GCC_WARN_ABOUT_RETURN_TYPE = YES_ERROR;
				GCC_WARN_UNDECLARED_SELECTOR = YES;
				GCC_WARN_UNINITIALIZED_AUTOS = YES_AGGRESSIVE;
				GCC_WARN_UNUSED_FUNCTION = YES;
				GCC_WARN_UNUSED_VARIABLE = YES;
				IPHONEOS_DEPLOYMENT_TARGET = 13.1;
				MTL_ENABLE_DEBUG_INFO = INCLUDE_SOURCE;
				MTL_FAST_MATH = YES;
				ONLY_ACTIVE_ARCH = YES;
				SDKROOT = iphoneos;
				SWIFT_ACTIVE_COMPILATION_CONDITIONS = DEBUG;
				SWIFT_OPTIMIZATION_LEVEL = "-Onone";
			};
			name = Debug;
		};
		89CBAACA2360C0AD003296E1 /* Release */ = {
			isa = XCBuildConfiguration;
			buildSettings = {
				ALWAYS_SEARCH_USER_PATHS = NO;
				CLANG_ANALYZER_NONNULL = YES;
				CLANG_ANALYZER_NUMBER_OBJECT_CONVERSION = YES_AGGRESSIVE;
				CLANG_CXX_LANGUAGE_STANDARD = "gnu++14";
				CLANG_CXX_LIBRARY = "libc++";
				CLANG_ENABLE_MODULES = YES;
				CLANG_ENABLE_OBJC_ARC = YES;
				CLANG_ENABLE_OBJC_WEAK = YES;
				CLANG_WARN_BLOCK_CAPTURE_AUTORELEASING = YES;
				CLANG_WARN_BOOL_CONVERSION = YES;
				CLANG_WARN_COMMA = YES;
				CLANG_WARN_CONSTANT_CONVERSION = YES;
				CLANG_WARN_DEPRECATED_OBJC_IMPLEMENTATIONS = YES;
				CLANG_WARN_DIRECT_OBJC_ISA_USAGE = YES_ERROR;
				CLANG_WARN_DOCUMENTATION_COMMENTS = YES;
				CLANG_WARN_EMPTY_BODY = YES;
				CLANG_WARN_ENUM_CONVERSION = YES;
				CLANG_WARN_INFINITE_RECURSION = YES;
				CLANG_WARN_INT_CONVERSION = YES;
				CLANG_WARN_NON_LITERAL_NULL_CONVERSION = YES;
				CLANG_WARN_OBJC_IMPLICIT_RETAIN_SELF = YES;
				CLANG_WARN_OBJC_LITERAL_CONVERSION = YES;
				CLANG_WARN_OBJC_ROOT_CLASS = YES_ERROR;
				CLANG_WARN_RANGE_LOOP_ANALYSIS = YES;
				CLANG_WARN_STRICT_PROTOTYPES = YES;
				CLANG_WARN_SUSPICIOUS_MOVE = YES;
				CLANG_WARN_UNGUARDED_AVAILABILITY = YES_AGGRESSIVE;
				CLANG_WARN_UNREACHABLE_CODE = YES;
				CLANG_WARN__DUPLICATE_METHOD_MATCH = YES;
				COPY_PHASE_STRIP = NO;
				DEBUG_INFORMATION_FORMAT = "dwarf-with-dsym";
				ENABLE_NS_ASSERTIONS = NO;
				ENABLE_STRICT_OBJC_MSGSEND = YES;
				GCC_C_LANGUAGE_STANDARD = gnu11;
				GCC_NO_COMMON_BLOCKS = YES;
				GCC_WARN_64_TO_32_BIT_CONVERSION = YES;
				GCC_WARN_ABOUT_RETURN_TYPE = YES_ERROR;
				GCC_WARN_UNDECLARED_SELECTOR = YES;
				GCC_WARN_UNINITIALIZED_AUTOS = YES_AGGRESSIVE;
				GCC_WARN_UNUSED_FUNCTION = YES;
				GCC_WARN_UNUSED_VARIABLE = YES;
				IPHONEOS_DEPLOYMENT_TARGET = 13.1;
				MTL_ENABLE_DEBUG_INFO = NO;
				MTL_FAST_MATH = YES;
				SDKROOT = iphoneos;
				SWIFT_COMPILATION_MODE = wholemodule;
				SWIFT_OPTIMIZATION_LEVEL = "-O";
				VALIDATE_PRODUCT = YES;
			};
			name = Release;
		};
		89CBAACC2360C0AD003296E1 /* Debug */ = {
			isa = XCBuildConfiguration;
			buildSettings = {
				ASSETCATALOG_COMPILER_APPICON_NAME = AppIcon;
				CODE_SIGN_STYLE = Automatic;
				INFOPLIST_FILE = ModalViews/Info.plist;
				LD_RUNPATH_SEARCH_PATHS = (
					"$(inherited)",
					"@executable_path/Frameworks",
				);
				PRODUCT_BUNDLE_IDENTIFIER = com.Bedu.ModalViews;
				PRODUCT_NAME = "$(TARGET_NAME)";
				SWIFT_VERSION = 5.0;
				TARGETED_DEVICE_FAMILY = "1,2";
			};
			name = Debug;
		};
		89CBAACD2360C0AD003296E1 /* Release */ = {
			isa = XCBuildConfiguration;
			buildSettings = {
				ASSETCATALOG_COMPILER_APPICON_NAME = AppIcon;
				CODE_SIGN_STYLE = Automatic;
				INFOPLIST_FILE = ModalViews/Info.plist;
				LD_RUNPATH_SEARCH_PATHS = (
					"$(inherited)",
					"@executable_path/Frameworks",
				);
				PRODUCT_BUNDLE_IDENTIFIER = com.Bedu.ModalViews;
				PRODUCT_NAME = "$(TARGET_NAME)";
				SWIFT_VERSION = 5.0;
				TARGETED_DEVICE_FAMILY = "1,2";
			};
			name = Release;
		};
/* End XCBuildConfiguration section */

/* Begin XCConfigurationList section */
		89CBAAB22360C0AC003296E1 /* Build configuration list for PBXProject "ModalViews" */ = {
			isa = XCConfigurationList;
			buildConfigurations = (
				89CBAAC92360C0AD003296E1 /* Debug */,
				89CBAACA2360C0AD003296E1 /* Release */,
			);
			defaultConfigurationIsVisible = 0;
			defaultConfigurationName = Release;
		};
		89CBAACB2360C0AD003296E1 /* Build configuration list for PBXNativeTarget "ModalViews" */ = {
			isa = XCConfigurationList;
			buildConfigurations = (
				89CBAACC2360C0AD003296E1 /* Debug */,
				89CBAACD2360C0AD003296E1 /* Release */,
			);
			defaultConfigurationIsVisible = 0;
			defaultConfigurationName = Release;
		};
/* End XCConfigurationList section */
	};
	rootObject = 89CBAAAF2360C0AC003296E1 /* Project object */;
}
